github.com/dustin/go-humanize v1.0.0 h1:VSnTsYCnlFHaM2/igO1h6X3HA71jcobQuxemgkq4zYo=
github.com/dustin/go-humanize v1.0.0/go.mod h1:HtrtbFcZ19U5GC7JDqmcUSB87Iq5E25KnS6fMYU6eOk=
github.com/torden/go-strutil v0.1.5 h1:BUXQGZmGXKGjViW6CDn+fje9NI0EJgAmFWUUz39aGtY=
github.com/torden/go-strutil v0.1.5/go.mod h1:TODlvw8A/b4goIDXGXZtltLehTJ6P/kdhGna8TE/ZPs=
